// !$*UTF8*$!
{
	archiveVersion = 1;
	classes = {
	};
	objectVersion = 46;
	objects = {

/* Begin PBXBuildFile section */
		651A5B941AE158CA009624AB /* Firebase.framework in Frameworks */ = {isa = PBXBuildFile; fileRef = 651A5B931AE158CA009624AB /* Firebase.framework */; };
		651A5B961AE158F8009624AB /* libicucore.dylib in Frameworks */ = {isa = PBXBuildFile; fileRef = 651A5B951AE158F8009624AB /* libicucore.dylib */; };
		651A5B981AE15902009624AB /* libc++.dylib in Frameworks */ = {isa = PBXBuildFile; fileRef = 651A5B971AE15902009624AB /* libc++.dylib */; };
		651A5B9A1AE15906009624AB /* CFNetwork.framework in Frameworks */ = {isa = PBXBuildFile; fileRef = 651A5B991AE15906009624AB /* CFNetwork.framework */; };
		651A5B9C1AE15912009624AB /* Security.framework in Frameworks */ = {isa = PBXBuildFile; fileRef = 651A5B9B1AE15912009624AB /* Security.framework */; };
		651A5B9E1AE1591E009624AB /* SystemConfiguration.framework in Frameworks */ = {isa = PBXBuildFile; fileRef = 651A5B9D1AE1591E009624AB /* SystemConfiguration.framework */; };
		651A5BA61AE15CA8009624AB /* FirebaseDTOs.swift in Sources */ = {isa = PBXBuildFile; fileRef = 651A5BA51AE15CA8009624AB /* FirebaseDTOs.swift */; };
		65340B831AE150100080C402 /* AppDelegate.swift in Sources */ = {isa = PBXBuildFile; fileRef = 65340B821AE150100080C402 /* AppDelegate.swift */; };
		65340B851AE150100080C402 /* ViewController.swift in Sources */ = {isa = PBXBuildFile; fileRef = 65340B841AE150100080C402 /* ViewController.swift */; };
		65340B881AE150100080C402 /* Main.storyboard in Resources */ = {isa = PBXBuildFile; fileRef = 65340B861AE150100080C402 /* Main.storyboard */; };
		65340B991AE150100080C402 /* BombsAwayTests.swift in Sources */ = {isa = PBXBuildFile; fileRef = 65340B981AE150100080C402 /* BombsAwayTests.swift */; };
		656037B51AE2153100643D40 /* NSObjectExtensions.swift in Sources */ = {isa = PBXBuildFile; fileRef = 656037B41AE2153100643D40 /* NSObjectExtensions.swift */; };
		656037B71AE2B08500643D40 /* UserSettings.swift in Sources */ = {isa = PBXBuildFile; fileRef = 656037B61AE2B08500643D40 /* UserSettings.swift */; };
		656037BD1AE3721500643D40 /* Media.xcassets in Resources */ = {isa = PBXBuildFile; fileRef = 656037BC1AE3721500643D40 /* Media.xcassets */; };
		6575A9F31AE170AF0055FEA5 /* gear-512x512.png in Resources */ = {isa = PBXBuildFile; fileRef = 6575A9F21AE170AF0055FEA5 /* gear-512x512.png */; };
		6575A9F51AE188320055FEA5 /* GameMaster.swift in Sources */ = {isa = PBXBuildFile; fileRef = 6575A9F41AE188320055FEA5 /* GameMaster.swift */; };
		668257511AE1FCEE00195E07 /* AdamViewController.swift in Sources */ = {isa = PBXBuildFile; fileRef = 668257501AE1FCEE00195E07 /* AdamViewController.swift */; };
		668257581AE1FD2000195E07 /* ping.mp3 in Resources */ = {isa = PBXBuildFile; fileRef = 668257531AE1FD2000195E07 /* ping.mp3 */; };
		668257591AE1FD2000195E07 /* explosion.png in Resources */ = {isa = PBXBuildFile; fileRef = 668257541AE1FD2000195E07 /* explosion.png */; };
		6682575A1AE1FD2000195E07 /* bomb.png in Resources */ = {isa = PBXBuildFile; fileRef = 668257551AE1FD2000195E07 /* bomb.png */; };
		6682575B1AE1FD2000195E07 /* boom.mp3 in Resources */ = {isa = PBXBuildFile; fileRef = 668257561AE1FD2000195E07 /* boom.mp3 */; };
		6682575C1AE1FD2000195E07 /* fuse.mp3 in Resources */ = {isa = PBXBuildFile; fileRef = 668257571AE1FD2000195E07 /* fuse.mp3 */; };
		668257601AE1FD3400195E07 /* AVAudioHelper.swift in Sources */ = {isa = PBXBuildFile; fileRef = 6682575D1AE1FD3400195E07 /* AVAudioHelper.swift */; };
		668257611AE1FD3400195E07 /* UIViewExtensions.swift in Sources */ = {isa = PBXBuildFile; fileRef = 6682575E1AE1FD3400195E07 /* UIViewExtensions.swift */; };
		668257621AE1FD3400195E07 /* Misc.swift in Sources */ = {isa = PBXBuildFile; fileRef = 6682575F1AE1FD3400195E07 /* Misc.swift */; };
		66F6EA5C1AE213E1001DE8F0 /* Bomb.swift in Sources */ = {isa = PBXBuildFile; fileRef = 66F6EA5B1AE213E1001DE8F0 /* Bomb.swift */; };
/* End PBXBuildFile section */

/* Begin PBXContainerItemProxy section */
		65340B931AE150100080C402 /* PBXContainerItemProxy */ = {
			isa = PBXContainerItemProxy;
			containerPortal = 65340B751AE150100080C402 /* Project object */;
			proxyType = 1;
			remoteGlobalIDString = 65340B7C1AE150100080C402;
			remoteInfo = BombsAway;
		};
/* End PBXContainerItemProxy section */

/* Begin PBXFileReference section */
		651A5B931AE158CA009624AB /* Firebase.framework */ = {isa = PBXFileReference; lastKnownFileType = wrapper.framework; name = Firebase.framework; path = BombsAway/Firebase.framework; sourceTree = "<group>"; };
		651A5B951AE158F8009624AB /* libicucore.dylib */ = {isa = PBXFileReference; lastKnownFileType = "compiled.mach-o.dylib"; name = libicucore.dylib; path = usr/lib/libicucore.dylib; sourceTree = SDKROOT; };
		651A5B971AE15902009624AB /* libc++.dylib */ = {isa = PBXFileReference; lastKnownFileType = "compiled.mach-o.dylib"; name = "libc++.dylib"; path = "usr/lib/libc++.dylib"; sourceTree = SDKROOT; };
		651A5B991AE15906009624AB /* CFNetwork.framework */ = {isa = PBXFileReference; lastKnownFileType = wrapper.framework; name = CFNetwork.framework; path = System/Library/Frameworks/CFNetwork.framework; sourceTree = SDKROOT; };
		651A5B9B1AE15912009624AB /* Security.framework */ = {isa = PBXFileReference; lastKnownFileType = wrapper.framework; name = Security.framework; path = System/Library/Frameworks/Security.framework; sourceTree = SDKROOT; };
		651A5B9D1AE1591E009624AB /* SystemConfiguration.framework */ = {isa = PBXFileReference; lastKnownFileType = wrapper.framework; name = SystemConfiguration.framework; path = System/Library/Frameworks/SystemConfiguration.framework; sourceTree = SDKROOT; };
		651A5B9F1AE1595A009624AB /* BombsAway-Bridging-Header.h */ = {isa = PBXFileReference; lastKnownFileType = sourcecode.c.h; path = "BombsAway-Bridging-Header.h"; sourceTree = SOURCE_ROOT; };
		651A5BA51AE15CA8009624AB /* FirebaseDTOs.swift */ = {isa = PBXFileReference; fileEncoding = 4; lastKnownFileType = sourcecode.swift; path = FirebaseDTOs.swift; sourceTree = "<group>"; };
		65340B7D1AE150100080C402 /* BombsAway.app */ = {isa = PBXFileReference; explicitFileType = wrapper.application; includeInIndex = 0; path = BombsAway.app; sourceTree = BUILT_PRODUCTS_DIR; };
		65340B811AE150100080C402 /* Info.plist */ = {isa = PBXFileReference; lastKnownFileType = text.plist.xml; path = Info.plist; sourceTree = "<group>"; };
		65340B821AE150100080C402 /* AppDelegate.swift */ = {isa = PBXFileReference; lastKnownFileType = sourcecode.swift; path = AppDelegate.swift; sourceTree = "<group>"; };
		65340B841AE150100080C402 /* ViewController.swift */ = {isa = PBXFileReference; lastKnownFileType = sourcecode.swift; path = ViewController.swift; sourceTree = "<group>"; };
		65340B871AE150100080C402 /* Base */ = {isa = PBXFileReference; lastKnownFileType = file.storyboard; name = Base; path = Base.lproj/Main.storyboard; sourceTree = "<group>"; };
		65340B921AE150100080C402 /* BombsAwayTests.xctest */ = {isa = PBXFileReference; explicitFileType = wrapper.cfbundle; includeInIndex = 0; path = BombsAwayTests.xctest; sourceTree = BUILT_PRODUCTS_DIR; };
		65340B971AE150100080C402 /* Info.plist */ = {isa = PBXFileReference; lastKnownFileType = text.plist.xml; path = Info.plist; sourceTree = "<group>"; };
		65340B981AE150100080C402 /* BombsAwayTests.swift */ = {isa = PBXFileReference; lastKnownFileType = sourcecode.swift; path = BombsAwayTests.swift; sourceTree = "<group>"; };
		656037B41AE2153100643D40 /* NSObjectExtensions.swift */ = {isa = PBXFileReference; fileEncoding = 4; lastKnownFileType = sourcecode.swift; path = NSObjectExtensions.swift; sourceTree = "<group>"; };
		656037B61AE2B08500643D40 /* UserSettings.swift */ = {isa = PBXFileReference; fileEncoding = 4; lastKnownFileType = sourcecode.swift; path = UserSettings.swift; sourceTree = "<group>"; };
		656037BC1AE3721500643D40 /* Media.xcassets */ = {isa = PBXFileReference; lastKnownFileType = folder.assetcatalog; path = Media.xcassets; sourceTree = "<group>"; };
		6575A9F21AE170AF0055FEA5 /* gear-512x512.png */ = {isa = PBXFileReference; lastKnownFileType = image.png; name = "gear-512x512.png"; path = "BombsAway/gear-512x512.png"; sourceTree = "<group>"; };
		6575A9F41AE188320055FEA5 /* GameMaster.swift */ = {isa = PBXFileReference; fileEncoding = 4; lastKnownFileType = sourcecode.swift; path = GameMaster.swift; sourceTree = "<group>"; };
		668257501AE1FCEE00195E07 /* AdamViewController.swift */ = {isa = PBXFileReference; fileEncoding = 4; lastKnownFileType = sourcecode.swift; path = AdamViewController.swift; sourceTree = "<group>"; };
		668257531AE1FD2000195E07 /* ping.mp3 */ = {isa = PBXFileReference; lastKnownFileType = audio.mp3; path = ping.mp3; sourceTree = "<group>"; };
		668257541AE1FD2000195E07 /* explosion.png */ = {isa = PBXFileReference; lastKnownFileType = image.png; path = explosion.png; sourceTree = "<group>"; };
		668257551AE1FD2000195E07 /* bomb.png */ = {isa = PBXFileReference; lastKnownFileType = image.png; path = bomb.png; sourceTree = "<group>"; };
		668257561AE1FD2000195E07 /* boom.mp3 */ = {isa = PBXFileReference; lastKnownFileType = audio.mp3; path = boom.mp3; sourceTree = "<group>"; };
		668257571AE1FD2000195E07 /* fuse.mp3 */ = {isa = PBXFileReference; lastKnownFileType = audio.mp3; path = fuse.mp3; sourceTree = "<group>"; };
		6682575D1AE1FD3400195E07 /* AVAudioHelper.swift */ = {isa = PBXFileReference; fileEncoding = 4; lastKnownFileType = sourcecode.swift; path = AVAudioHelper.swift; sourceTree = "<group>"; };
		6682575E1AE1FD3400195E07 /* UIViewExtensions.swift */ = {isa = PBXFileReference; fileEncoding = 4; lastKnownFileType = sourcecode.swift; path = UIViewExtensions.swift; sourceTree = "<group>"; };
		6682575F1AE1FD3400195E07 /* Misc.swift */ = {isa = PBXFileReference; fileEncoding = 4; lastKnownFileType = sourcecode.swift; path = Misc.swift; sourceTree = "<group>"; };
		66F6EA5B1AE213E1001DE8F0 /* Bomb.swift */ = {isa = PBXFileReference; fileEncoding = 4; lastKnownFileType = sourcecode.swift; path = Bomb.swift; sourceTree = "<group>"; };
/* End PBXFileReference section */

/* Begin PBXFrameworksBuildPhase section */
		65340B7A1AE150100080C402 /* Frameworks */ = {
			isa = PBXFrameworksBuildPhase;
			buildActionMask = 2147483647;
			files = (
				651A5B9E1AE1591E009624AB /* SystemConfiguration.framework in Frameworks */,
				651A5B9C1AE15912009624AB /* Security.framework in Frameworks */,
				651A5B9A1AE15906009624AB /* CFNetwork.framework in Frameworks */,
				651A5B941AE158CA009624AB /* Firebase.framework in Frameworks */,
				651A5B981AE15902009624AB /* libc++.dylib in Frameworks */,
				651A5B961AE158F8009624AB /* libicucore.dylib in Frameworks */,
			);
			runOnlyForDeploymentPostprocessing = 0;
		};
		65340B8F1AE150100080C402 /* Frameworks */ = {
			isa = PBXFrameworksBuildPhase;
			buildActionMask = 2147483647;
			files = (
			);
			runOnlyForDeploymentPostprocessing = 0;
		};
/* End PBXFrameworksBuildPhase section */

/* Begin PBXGroup section */
		651A5BA21AE1596F009624AB /* Framworks */ = {
			isa = PBXGroup;
			children = (
				651A5B971AE15902009624AB /* libc++.dylib */,
				651A5B951AE158F8009624AB /* libicucore.dylib */,
				651A5B991AE15906009624AB /* CFNetwork.framework */,
				651A5B9B1AE15912009624AB /* Security.framework */,
				651A5B9D1AE1591E009624AB /* SystemConfiguration.framework */,
				651A5B931AE158CA009624AB /* Firebase.framework */,
			);
			name = Framworks;
			sourceTree = "<group>";
		};
		65340B741AE150100080C402 = {
			isa = PBXGroup;
			children = (
				668257521AE1FD0A00195E07 /* Resources */,
				651A5BA21AE1596F009624AB /* Framworks */,
				65340B7F1AE150100080C402 /* BombsAway */,
				65340B951AE150100080C402 /* BombsAwayTests */,
				65340B7E1AE150100080C402 /* Products */,
			);
			sourceTree = "<group>";
		};
		65340B7E1AE150100080C402 /* Products */ = {
			isa = PBXGroup;
			children = (
				65340B7D1AE150100080C402 /* BombsAway.app */,
				65340B921AE150100080C402 /* BombsAwayTests.xctest */,
			);
			name = Products;
			sourceTree = "<group>";
		};
		65340B7F1AE150100080C402 /* BombsAway */ = {
			isa = PBXGroup;
			children = (
				65340B861AE150100080C402 /* Main.storyboard */,
				656037B91AE2D2F000643D40 /* UI */,
				656037B81AE2D2C800643D40 /* Extensions */,
				65340B821AE150100080C402 /* AppDelegate.swift */,
				6682575D1AE1FD3400195E07 /* AVAudioHelper.swift */,
				651A5BA51AE15CA8009624AB /* FirebaseDTOs.swift */,
				6575A9F41AE188320055FEA5 /* GameMaster.swift */,
				656037B61AE2B08500643D40 /* UserSettings.swift */,
				6682575F1AE1FD3400195E07 /* Misc.swift */,
				65340B801AE150100080C402 /* Supporting Files */,
			);
			path = BombsAway;
			sourceTree = "<group>";
		};
		65340B801AE150100080C402 /* Supporting Files */ = {
			isa = PBXGroup;
			children = (
				651A5B9F1AE1595A009624AB /* BombsAway-Bridging-Header.h */,
				65340B811AE150100080C402 /* Info.plist */,
			);
			name = "Supporting Files";
			sourceTree = "<group>";
		};
		65340B951AE150100080C402 /* BombsAwayTests */ = {
			isa = PBXGroup;
			children = (
				65340B981AE150100080C402 /* BombsAwayTests.swift */,
				65340B961AE150100080C402 /* Supporting Files */,
			);
			path = BombsAwayTests;
			sourceTree = "<group>";
		};
		65340B961AE150100080C402 /* Supporting Files */ = {
			isa = PBXGroup;
			children = (
				65340B971AE150100080C402 /* Info.plist */,
			);
			name = "Supporting Files";
			sourceTree = "<group>";
		};
		656037B81AE2D2C800643D40 /* Extensions */ = {
			isa = PBXGroup;
			children = (
				656037B41AE2153100643D40 /* NSObjectExtensions.swift */,
				6682575E1AE1FD3400195E07 /* UIViewExtensions.swift */,
			);
			name = Extensions;
			sourceTree = "<group>";
		};
		656037B91AE2D2F000643D40 /* UI */ = {
			isa = PBXGroup;
			children = (
				668257501AE1FCEE00195E07 /* AdamViewController.swift */,
				65340B841AE150100080C402 /* ViewController.swift */,
				66F6EA5B1AE213E1001DE8F0 /* Bomb.swift */,
			);
			name = UI;
			sourceTree = "<group>";
		};
		668257521AE1FD0A00195E07 /* Resources */ = {
			isa = PBXGroup;
			children = (
				656037BC1AE3721500643D40 /* Media.xcassets */,
				668257531AE1FD2000195E07 /* ping.mp3 */,
				6575A9F21AE170AF0055FEA5 /* gear-512x512.png */,
				668257541AE1FD2000195E07 /* explosion.png */,
				668257551AE1FD2000195E07 /* bomb.png */,
				668257561AE1FD2000195E07 /* boom.mp3 */,
				668257571AE1FD2000195E07 /* fuse.mp3 */,
			);
			name = Resources;
			sourceTree = "<group>";
		};
/* End PBXGroup section */

/* Begin PBXNativeTarget section */
		65340B7C1AE150100080C402 /* BombsAway */ = {
			isa = PBXNativeTarget;
			buildConfigurationList = 65340B9C1AE150100080C402 /* Build configuration list for PBXNativeTarget "BombsAway" */;
			buildPhases = (
				65340B791AE150100080C402 /* Sources */,
				65340B7A1AE150100080C402 /* Frameworks */,
				65340B7B1AE150100080C402 /* Resources */,
			);
			buildRules = (
			);
			dependencies = (
			);
			name = BombsAway;
			productName = BombsAway;
			productReference = 65340B7D1AE150100080C402 /* BombsAway.app */;
			productType = "com.apple.product-type.application";
		};
		65340B911AE150100080C402 /* BombsAwayTests */ = {
			isa = PBXNativeTarget;
			buildConfigurationList = 65340B9F1AE150100080C402 /* Build configuration list for PBXNativeTarget "BombsAwayTests" */;
			buildPhases = (
				65340B8E1AE150100080C402 /* Sources */,
				65340B8F1AE150100080C402 /* Frameworks */,
				65340B901AE150100080C402 /* Resources */,
			);
			buildRules = (
			);
			dependencies = (
				65340B941AE150100080C402 /* PBXTargetDependency */,
			);
			name = BombsAwayTests;
			productName = BombsAwayTests;
			productReference = 65340B921AE150100080C402 /* BombsAwayTests.xctest */;
			productType = "com.apple.product-type.bundle.unit-test";
		};
/* End PBXNativeTarget section */

/* Begin PBXProject section */
		65340B751AE150100080C402 /* Project object */ = {
			isa = PBXProject;
			attributes = {
				LastUpgradeCheck = 0630;
				ORGANIZATIONNAME = Crazy8Dev;
				TargetAttributes = {
					65340B7C1AE150100080C402 = {
						CreatedOnToolsVersion = 6.3;
					};
					65340B911AE150100080C402 = {
						CreatedOnToolsVersion = 6.3;
						TestTargetID = 65340B7C1AE150100080C402;
					};
				};
			};
			buildConfigurationList = 65340B781AE150100080C402 /* Build configuration list for PBXProject "BombsAway" */;
			compatibilityVersion = "Xcode 3.2";
			developmentRegion = English;
			hasScannedForEncodings = 0;
			knownRegions = (
				en,
				Base,
			);
			mainGroup = 65340B741AE150100080C402;
			productRefGroup = 65340B7E1AE150100080C402 /* Products */;
			projectDirPath = "";
			projectRoot = "";
			targets = (
				65340B7C1AE150100080C402 /* BombsAway */,
				65340B911AE150100080C402 /* BombsAwayTests */,
			);
		};
/* End PBXProject section */

/* Begin PBXResourcesBuildPhase section */
		65340B7B1AE150100080C402 /* Resources */ = {
			isa = PBXResourcesBuildPhase;
			buildActionMask = 2147483647;
			files = (
				6682575A1AE1FD2000195E07 /* bomb.png in Resources */,
				65340B881AE150100080C402 /* Main.storyboard in Resources */,
				6682575C1AE1FD2000195E07 /* fuse.mp3 in Resources */,
				668257581AE1FD2000195E07 /* ping.mp3 in Resources */,
				6682575B1AE1FD2000195E07 /* boom.mp3 in Resources */,
				668257591AE1FD2000195E07 /* explosion.png in Resources */,
				656037BD1AE3721500643D40 /* Media.xcassets in Resources */,
				6575A9F31AE170AF0055FEA5 /* gear-512x512.png in Resources */,
			);
			runOnlyForDeploymentPostprocessing = 0;
		};
		65340B901AE150100080C402 /* Resources */ = {
			isa = PBXResourcesBuildPhase;
			buildActionMask = 2147483647;
			files = (
			);
			runOnlyForDeploymentPostprocessing = 0;
		};
/* End PBXResourcesBuildPhase section */

/* Begin PBXSourcesBuildPhase section */
		65340B791AE150100080C402 /* Sources */ = {
			isa = PBXSourcesBuildPhase;
			buildActionMask = 2147483647;
			files = (
				6575A9F51AE188320055FEA5 /* GameMaster.swift in Sources */,
				656037B51AE2153100643D40 /* NSObjectExtensions.swift in Sources */,
				668257621AE1FD3400195E07 /* Misc.swift in Sources */,
				668257611AE1FD3400195E07 /* UIViewExtensions.swift in Sources */,
				668257511AE1FCEE00195E07 /* AdamViewController.swift in Sources */,
				651A5BA61AE15CA8009624AB /* FirebaseDTOs.swift in Sources */,
				66F6EA5C1AE213E1001DE8F0 /* Bomb.swift in Sources */,
				65340B851AE150100080C402 /* ViewController.swift in Sources */,
				65340B831AE150100080C402 /* AppDelegate.swift in Sources */,
				668257601AE1FD3400195E07 /* AVAudioHelper.swift in Sources */,
				656037B71AE2B08500643D40 /* UserSettings.swift in Sources */,
			);
			runOnlyForDeploymentPostprocessing = 0;
		};
		65340B8E1AE150100080C402 /* Sources */ = {
			isa = PBXSourcesBuildPhase;
			buildActionMask = 2147483647;
			files = (
				65340B991AE150100080C402 /* BombsAwayTests.swift in Sources */,
			);
			runOnlyForDeploymentPostprocessing = 0;
		};
/* End PBXSourcesBuildPhase section */

/* Begin PBXTargetDependency section */
		65340B941AE150100080C402 /* PBXTargetDependency */ = {
			isa = PBXTargetDependency;
			target = 65340B7C1AE150100080C402 /* BombsAway */;
			targetProxy = 65340B931AE150100080C402 /* PBXContainerItemProxy */;
		};
/* End PBXTargetDependency section */

/* Begin PBXVariantGroup section */
		65340B861AE150100080C402 /* Main.storyboard */ = {
			isa = PBXVariantGroup;
			children = (
				65340B871AE150100080C402 /* Base */,
			);
			name = Main.storyboard;
			sourceTree = "<group>";
		};
/* End PBXVariantGroup section */

/* Begin XCBuildConfiguration section */
		65340B9A1AE150100080C402 /* Debug */ = {
			isa = XCBuildConfiguration;
			buildSettings = {
				ALWAYS_SEARCH_USER_PATHS = NO;
				CLANG_CXX_LANGUAGE_STANDARD = "gnu++0x";
				CLANG_CXX_LIBRARY = "libc++";
				CLANG_ENABLE_MODULES = YES;
				CLANG_ENABLE_OBJC_ARC = YES;
				CLANG_WARN_BOOL_CONVERSION = YES;
				CLANG_WARN_CONSTANT_CONVERSION = YES;
				CLANG_WARN_DIRECT_OBJC_ISA_USAGE = YES_ERROR;
				CLANG_WARN_EMPTY_BODY = YES;
				CLANG_WARN_ENUM_CONVERSION = YES;
				CLANG_WARN_INT_CONVERSION = YES;
				CLANG_WARN_OBJC_ROOT_CLASS = YES_ERROR;
				CLANG_WARN_UNREACHABLE_CODE = YES;
				CLANG_WARN__DUPLICATE_METHOD_MATCH = YES;
				"CODE_SIGN_IDENTITY[sdk=iphoneos*]" = "iPhone Developer";
				COPY_PHASE_STRIP = NO;
				DEBUG_INFORMATION_FORMAT = "dwarf-with-dsym";
				ENABLE_STRICT_OBJC_MSGSEND = YES;
				GCC_C_LANGUAGE_STANDARD = gnu99;
				GCC_DYNAMIC_NO_PIC = NO;
				GCC_NO_COMMON_BLOCKS = YES;
				GCC_OPTIMIZATION_LEVEL = 0;
				GCC_PREPROCESSOR_DEFINITIONS = (
					"DEBUG=1",
					"$(inherited)",
				);
				GCC_SYMBOLS_PRIVATE_EXTERN = NO;
				GCC_WARN_64_TO_32_BIT_CONVERSION = YES;
				GCC_WARN_ABOUT_RETURN_TYPE = YES_ERROR;
				GCC_WARN_UNDECLARED_SELECTOR = YES;
				GCC_WARN_UNINITIALIZED_AUTOS = YES_AGGRESSIVE;
				GCC_WARN_UNUSED_FUNCTION = YES;
				GCC_WARN_UNUSED_VARIABLE = YES;
				IPHONEOS_DEPLOYMENT_TARGET = 8.3;
				MTL_ENABLE_DEBUG_INFO = YES;
				ONLY_ACTIVE_ARCH = YES;
				SDKROOT = iphoneos;
				SWIFT_OPTIMIZATION_LEVEL = "-Onone";
			};
			name = Debug;
		};
		65340B9B1AE150100080C402 /* Release */ = {
			isa = XCBuildConfiguration;
			buildSettings = {
				ALWAYS_SEARCH_USER_PATHS = NO;
				CLANG_CXX_LANGUAGE_STANDARD = "gnu++0x";
				CLANG_CXX_LIBRARY = "libc++";
				CLANG_ENABLE_MODULES = YES;
				CLANG_ENABLE_OBJC_ARC = YES;
				CLANG_WARN_BOOL_CONVERSION = YES;
				CLANG_WARN_CONSTANT_CONVERSION = YES;
				CLANG_WARN_DIRECT_OBJC_ISA_USAGE = YES_ERROR;
				CLANG_WARN_EMPTY_BODY = YES;
				CLANG_WARN_ENUM_CONVERSION = YES;
				CLANG_WARN_INT_CONVERSION = YES;
				CLANG_WARN_OBJC_ROOT_CLASS = YES_ERROR;
				CLANG_WARN_UNREACHABLE_CODE = YES;
				CLANG_WARN__DUPLICATE_METHOD_MATCH = YES;
				"CODE_SIGN_IDENTITY[sdk=iphoneos*]" = "iPhone Developer";
				COPY_PHASE_STRIP = NO;
				DEBUG_INFORMATION_FORMAT = "dwarf-with-dsym";
				ENABLE_NS_ASSERTIONS = NO;
				ENABLE_STRICT_OBJC_MSGSEND = YES;
				GCC_C_LANGUAGE_STANDARD = gnu99;
				GCC_NO_COMMON_BLOCKS = YES;
				GCC_WARN_64_TO_32_BIT_CONVERSION = YES;
				GCC_WARN_ABOUT_RETURN_TYPE = YES_ERROR;
				GCC_WARN_UNDECLARED_SELECTOR = YES;
				GCC_WARN_UNINITIALIZED_AUTOS = YES_AGGRESSIVE;
				GCC_WARN_UNUSED_FUNCTION = YES;
				GCC_WARN_UNUSED_VARIABLE = YES;
				IPHONEOS_DEPLOYMENT_TARGET = 8.3;
				MTL_ENABLE_DEBUG_INFO = NO;
				SDKROOT = iphoneos;
				VALIDATE_PRODUCT = YES;
			};
			name = Release;
		};
		65340B9D1AE150100080C402 /* Debug */ = {
			isa = XCBuildConfiguration;
			buildSettings = {
				ASSETCATALOG_COMPILER_APPICON_NAME = AppIcon;
				ASSETCATALOG_COMPILER_LAUNCHIMAGE_NAME = LaunchImage;
				CLANG_ENABLE_MODULES = YES;
				FRAMEWORK_SEARCH_PATHS = (
					"$(inherited)",
					"$(PROJECT_DIR)/BombsAway",
				);
				INFOPLIST_FILE = BombsAway/Info.plist;
				LD_RUNPATH_SEARCH_PATHS = "$(inherited) @executable_path/Frameworks";
				OTHER_LDFLAGS = "-ObjC";
				PRODUCT_NAME = "$(TARGET_NAME)";
				SWIFT_OBJC_BRIDGING_HEADER = "BombsAway-Bridging-Header.h";
				SWIFT_OPTIMIZATION_LEVEL = "-Onone";
			};
			name = Debug;
		};
		65340B9E1AE150100080C402 /* Release */ = {
			isa = XCBuildConfiguration;
			buildSettings = {
				ASSETCATALOG_COMPILER_APPICON_NAME = AppIcon;
				ASSETCATALOG_COMPILER_LAUNCHIMAGE_NAME = LaunchImage;
				CLANG_ENABLE_MODULES = YES;
				FRAMEWORK_SEARCH_PATHS = (
					"$(inherited)",
					"$(PROJECT_DIR)/BombsAway",
				);
				INFOPLIST_FILE = BombsAway/Info.plist;
				LD_RUNPATH_SEARCH_PATHS = "$(inherited) @executable_path/Frameworks";
				OTHER_LDFLAGS = "-ObjC";
				PRODUCT_NAME = "$(TARGET_NAME)";
				SWIFT_OBJC_BRIDGING_HEADER = "BombsAway-Bridging-Header.h";
			};
			name = Release;
		};
		65340BA01AE150100080C402 /* Debug */ = {
			isa = XCBuildConfiguration;
			buildSettings = {
				BUNDLE_LOADER = "$(TEST_HOST)";
				FRAMEWORK_SEARCH_PATHS = (
					"$(SDKROOT)/Developer/Library/Frameworks",
					"$(inherited)",
				);
				GCC_PREPROCESSOR_DEFINITIONS = (
					"DEBUG=1",
					"$(inherited)",
				);
				INFOPLIST_FILE = BombsAwayTests/Info.plist;
				LD_RUNPATH_SEARCH_PATHS = "$(inherited) @executable_path/Frameworks @loader_path/Frameworks";
				PRODUCT_NAME = "$(TARGET_NAME)";
				TEST_HOST = "$(BUILT_PRODUCTS_DIR)/BombsAway.app/BombsAway";
			};
			name = Debug;
		};
		65340BA11AE150100080C402 /* Release */ = {
			isa = XCBuildConfiguration;
			buildSettings = {
				BUNDLE_LOADER = "$(TEST_HOST)";
				FRAMEWORK_SEARCH_PATHS = (
					"$(SDKROOT)/Developer/Library/Frameworks",
					"$(inherited)",
				);
				INFOPLIST_FILE = BombsAwayTests/Info.plist;
				LD_RUNPATH_SEARCH_PATHS = "$(inherited) @executable_path/Frameworks @loader_path/Frameworks";
				PRODUCT_NAME = "$(TARGET_NAME)";
				TEST_HOST = "$(BUILT_PRODUCTS_DIR)/BombsAway.app/BombsAway";
			};
			name = Release;
		};
/* End XCBuildConfiguration section */

/* Begin XCConfigurationList section */
		65340B781AE150100080C402 /* Build configuration list for PBXProject "BombsAway" */ = {
			isa = XCConfigurationList;
			buildConfigurations = (
				65340B9A1AE150100080C402 /* Debug */,
				65340B9B1AE150100080C402 /* Release */,
			);
			defaultConfigurationIsVisible = 0;
			defaultConfigurationName = Release;
		};
		65340B9C1AE150100080C402 /* Build configuration list for PBXNativeTarget "BombsAway" */ = {
			isa = XCConfigurationList;
			buildConfigurations = (
				65340B9D1AE150100080C402 /* Debug */,
				65340B9E1AE150100080C402 /* Release */,
			);
			defaultConfigurationIsVisible = 0;
			defaultConfigurationName = Release;
		};
		65340B9F1AE150100080C402 /* Build configuration list for PBXNativeTarget "BombsAwayTests" */ = {
			isa = XCConfigurationList;
			buildConfigurations = (
				65340BA01AE150100080C402 /* Debug */,
				65340BA11AE150100080C402 /* Release */,
			);
			defaultConfigurationIsVisible = 0;
			defaultConfigurationName = Release;
		};
/* End XCConfigurationList section */
	};
	rootObject = 65340B751AE150100080C402 /* Project object */;
}
